
Microsoft Visual Studio Solution File, Format Version 12.00
# Visual Studio Version 16
VisualStudioVersion = 16.0.30114.105
MinimumVisualStudioVersion = 10.0.40219.1
Project("{FAE04EC0-301F-11D3-BF4B-00C04F79EFBC}") = "API", "API\API.csproj", "{380FC881-3884-465A-B729-790E7840FD2B}"
EndProject
Project("{FAE04EC0-301F-11D3-BF4B-00C04F79EFBC}") = "Application", "Application\Application.csproj", "{C6892E02-E39E-406D-86D9-0F5E1330B7EC}"
EndProject
Project("{FAE04EC0-301F-11D3-BF4B-00C04F79EFBC}") = "Domain", "Domain\Domain.csproj", "{C7B82F5A-FEC4-4F32-AE7A-DA6B6E000555}"
EndProject
Project("{FAE04EC0-301F-11D3-BF4B-00C04F79EFBC}") = "Persistence", "Persistence\Persistence.csproj", "{CE16D8DE-C6FC-4069-A0F1-51B7578A22E8}"
EndProject
Global
	GlobalSection(SolutionConfigurationPlatforms) = preSolution
		Debug|Any CPU = Debug|Any CPU
		Debug|x64 = Debug|x64
		Debug|x86 = Debug|x86
		Release|Any CPU = Release|Any CPU
		Release|x64 = Release|x64
		Release|x86 = Release|x86
	EndGlobalSection
	GlobalSection(SolutionProperties) = preSolution
		HideSolutionNode = FALSE
	EndGlobalSection
	GlobalSection(ProjectConfigurationPlatforms) = postSolution
		{380FC881-3884-465A-B729-790E7840FD2B}.Debug|Any CPU.ActiveCfg = Debug|Any CPU
		{380FC881-3884-465A-B729-790E7840FD2B}.Debug|Any CPU.Build.0 = Debug|Any CPU
		{380FC881-3884-465A-B729-790E7840FD2B}.Debug|x64.ActiveCfg = Debug|Any CPU
		{380FC881-3884-465A-B729-790E7840FD2B}.Debug|x64.Build.0 = Debug|Any CPU
		{380FC881-3884-465A-B729-790E7840FD2B}.Debug|x86.ActiveCfg = Debug|Any CPU
		{380FC881-3884-465A-B729-790E7840FD2B}.Debug|x86.Build.0 = Debug|Any CPU
		{380FC881-3884-465A-B729-790E7840FD2B}.Release|Any CPU.ActiveCfg = Release|Any CPU
		{380FC881-3884-465A-B729-790E7840FD2B}.Release|Any CPU.Build.0 = Release|Any CPU
		{380FC881-3884-465A-B729-790E7840FD2B}.Release|x64.ActiveCfg = Release|Any CPU
		{380FC881-3884-465A-B729-790E7840FD2B}.Release|x64.Build.0 = Release|Any CPU
		{380FC881-3884-465A-B729-790E7840FD2B}.Release|x86.ActiveCfg = Release|Any CPU
		{380FC881-3884-465A-B729-790E7840FD2B}.Release|x86.Build.0 = Release|Any CPU
		{C6892E02-E39E-406D-86D9-0F5E1330B7EC}.Debug|Any CPU.ActiveCfg = Debug|Any CPU
		{C6892E02-E39E-406D-86D9-0F5E1330B7EC}.Debug|Any CPU.Build.0 = Debug|Any CPU
		{C6892E02-E39E-406D-86D9-0F5E1330B7EC}.Debug|x64.ActiveCfg = Debug|Any CPU
		{C6892E02-E39E-406D-86D9-0F5E1330B7EC}.Debug|x64.Build.0 = Debug|Any CPU
		{C6892E02-E39E-406D-86D9-0F5E1330B7EC}.Debug|x86.ActiveCfg = Debug|Any CPU
		{C6892E02-E39E-406D-86D9-0F5E1330B7EC}.Debug|x86.Build.0 = Debug|Any CPU
		{C6892E02-E39E-406D-86D9-0F5E1330B7EC}.Release|Any CPU.ActiveCfg = Release|Any CPU
		{C6892E02-E39E-406D-86D9-0F5E1330B7EC}.Release|Any CPU.Build.0 = Release|Any CPU
		{C6892E02-E39E-406D-86D9-0F5E1330B7EC}.Release|x64.ActiveCfg = Release|Any CPU
		{C6892E02-E39E-406D-86D9-0F5E1330B7EC}.Release|x64.Build.0 = Release|Any CPU
		{C6892E02-E39E-406D-86D9-0F5E1330B7EC}.Release|x86.ActiveCfg = Release|Any CPU
		{C6892E02-E39E-406D-86D9-0F5E1330B7EC}.Release|x86.Build.0 = Release|Any CPU
		{C7B82F5A-FEC4-4F32-AE7A-DA6B6E000555}.Debug|Any CPU.ActiveCfg = Debug|Any CPU
		{C7B82F5A-FEC4-4F32-AE7A-DA6B6E000555}.Debug|Any CPU.Build.0 = Debug|Any CPU
		{C7B82F5A-FEC4-4F32-AE7A-DA6B6E000555}.Debug|x64.ActiveCfg = Debug|Any CPU
		{C7B82F5A-FEC4-4F32-AE7A-DA6B6E000555}.Debug|x64.Build.0 = Debug|Any CPU
		{C7B82F5A-FEC4-4F32-AE7A-DA6B6E000555}.Debug|x86.ActiveCfg = Debug|Any CPU
		{C7B82F5A-FEC4-4F32-AE7A-DA6B6E000555}.Debug|x86.Build.0 = Debug|Any CPU
		{C7B82F5A-FEC4-4F32-AE7A-DA6B6E000555}.Release|Any CPU.ActiveCfg = Release|Any CPU
		{C7B82F5A-FEC4-4F32-AE7A-DA6B6E000555}.Release|Any CPU.Build.0 = Release|Any CPU
		{C7B82F5A-FEC4-4F32-AE7A-DA6B6E000555}.Release|x64.ActiveCfg = Release|Any CPU
		{C7B82F5A-FEC4-4F32-AE7A-DA6B6E000555}.Release|x64.Build.0 = Release|Any CPU
		{C7B82F5A-FEC4-4F32-AE7A-DA6B6E000555}.Release|x86.ActiveCfg = Release|Any CPU
		{C7B82F5A-FEC4-4F32-AE7A-DA6B6E000555}.Release|x86.Build.0 = Release|Any CPU
		{CE16D8DE-C6FC-4069-A0F1-51B7578A22E8}.Debug|Any CPU.ActiveCfg = Debug|Any CPU
		{CE16D8DE-C6FC-4069-A0F1-51B7578A22E8}.Debug|Any CPU.Build.0 = Debug|Any CPU
		{CE16D8DE-C6FC-4069-A0F1-51B7578A22E8}.Debug|x64.ActiveCfg = Debug|Any CPU
		{CE16D8DE-C6FC-4069-A0F1-51B7578A22E8}.Debug|x64.Build.0 = Debug|Any CPU
		{CE16D8DE-C6FC-4069-A0F1-51B7578A22E8}.Debug|x86.ActiveCfg = Debug|Any CPU
		{CE16D8DE-C6FC-4069-A0F1-51B7578A22E8}.Debug|x86.Build.0 = Debug|Any CPU
		{CE16D8DE-C6FC-4069-A0F1-51B7578A22E8}.Release|Any CPU.ActiveCfg = Release|Any CPU
		{CE16D8DE-C6FC-4069-A0F1-51B7578A22E8}.Release|Any CPU.Build.0 = Release|Any CPU
		{CE16D8DE-C6FC-4069-A0F1-51B7578A22E8}.Release|x64.ActiveCfg = Release|Any CPU
		{CE16D8DE-C6FC-4069-A0F1-51B7578A22E8}.Release|x64.Build.0 = Release|Any CPU
		{CE16D8DE-C6FC-4069-A0F1-51B7578A22E8}.Release|x86.ActiveCfg = Release|Any CPU
		{CE16D8DE-C6FC-4069-A0F1-51B7578A22E8}.Release|x86.Build.0 = Release|Any CPU
	EndGlobalSection
EndGlobal
